
Microsoft Visual Studio Solution File, Format Version 12.00
# Visual Studio Version 16
VisualStudioVersion = 16.0.31515.178
MinimumVisualStudioVersion = 10.0.40219.1
Project("{2150E333-8FDC-42A3-9474-1A3956D46DE8}") = "Solution Items", "Solution Items", "{33CA2A25-DD9D-4E05-A786-6FF4DB1C5C3C}"
	ProjectSection(SolutionItems) = preProject
		..\docs\any-all.md = ..\docs\any-all.md
		..\docs\array-filtering-projections.md = ..\docs\array-filtering-projections.md
		..\docs\async-queries.md = ..\docs\async-queries.md
		..\docs\bucket-context.md = ..\docs\bucket-context.md
		..\docs\change-tracking.md = ..\docs\change-tracking.md
		..\docs\custom-serializers.md = ..\docs\custom-serializers.md
		..\docs\date-handling.md = ..\docs\date-handling.md
		..\docs\document-filters.md = ..\docs\document-filters.md
		..\docs\enum.md = ..\docs\enum.md
		..\docs\grouping-aggregation.md = ..\docs\grouping-aggregation.md
		..\docs\joins.md = ..\docs\joins.md
		..\docs\math-functions.md = ..\docs\math-functions.md
		..\docs\meta-keyword.md = ..\docs\meta-keyword.md
		..\docs\nest.md = ..\docs\nest.md
		..\docs\null-missing-valued.md = ..\docs\null-missing-valued.md
		..\docs\poco-mapping.md = ..\docs\poco-mapping.md
		..\docs\query-hints.md = ..\docs\query-hints.md
		..\docs\result-streaming.md = ..\docs\result-streaming.md
		..\docs\ryow.md = ..\docs\ryow.md
		..\docs\serialization-converters.md = ..\docs\serialization-converters.md
		..\docs\simple-select.md = ..\docs\simple-select.md
		..\docs\sorting-take-limit.md = ..\docs\sorting-take-limit.md
		..\docs\string-handling.md = ..\docs\string-handling.md
		..\docs\unnest.md = ..\docs\unnest.md
		..\docs\use-index.md = ..\docs\use-index.md
		..\docs\use-keys.md = ..\docs\use-keys.md
		..\docs\where-clause.md = ..\docs\where-clause.md
	EndProjectSection
EndProject
Project("{9A19103F-16F7-4668-BE54-9A1E7A4F7556}") = "Couchbase.Linq", "Couchbase.Linq\Couchbase.Linq.csproj", "{C0254649-0162-47A4-B3D3-354E0B3FF7D0}"
EndProject
Project("{9A19103F-16F7-4668-BE54-9A1E7A4F7556}") = "Couchbase.Linq.UnitTests", "Couchbase.Linq.UnitTests\Couchbase.Linq.UnitTests.csproj", "{8B5F339F-6E52-4E03-9FFA-12C1C025E591}"
EndProject
Project("{9A19103F-16F7-4668-BE54-9A1E7A4F7556}") = "Couchbase.Linq.IntegrationTests", "Couchbase.Linq.IntegrationTests\Couchbase.Linq.IntegrationTests.csproj", "{AEA6FE33-62F1-4F1A-B955-6CD5AAF8AC7F}"
EndProject
Global
	GlobalSection(SolutionConfigurationPlatforms) = preSolution
		Debug|Any CPU = Debug|Any CPU
		Release|Any CPU = Release|Any CPU
		RepackedRelease|Any CPU = RepackedRelease|Any CPU
	EndGlobalSection
	GlobalSection(ProjectConfigurationPlatforms) = postSolution
		{C0254649-0162-47A4-B3D3-354E0B3FF7D0}.Debug|Any CPU.ActiveCfg = Debug|Any CPU
		{C0254649-0162-47A4-B3D3-354E0B3FF7D0}.Debug|Any CPU.Build.0 = Debug|Any CPU
		{C0254649-0162-47A4-B3D3-354E0B3FF7D0}.Release|Any CPU.ActiveCfg = Release|Any CPU
		{C0254649-0162-47A4-B3D3-354E0B3FF7D0}.Release|Any CPU.Build.0 = Release|Any CPU
		{C0254649-0162-47A4-B3D3-354E0B3FF7D0}.RepackedRelease|Any CPU.ActiveCfg = Release|Any CPU
		{C0254649-0162-47A4-B3D3-354E0B3FF7D0}.RepackedRelease|Any CPU.Build.0 = Release|Any CPU
		{8B5F339F-6E52-4E03-9FFA-12C1C025E591}.Debug|Any CPU.ActiveCfg = Debug|Any CPU
		{8B5F339F-6E52-4E03-9FFA-12C1C025E591}.Debug|Any CPU.Build.0 = Debug|Any CPU
		{8B5F339F-6E52-4E03-9FFA-12C1C025E591}.Release|Any CPU.ActiveCfg = Release|Any CPU
		{8B5F339F-6E52-4E03-9FFA-12C1C025E591}.Release|Any CPU.Build.0 = Release|Any CPU
		{8B5F339F-6E52-4E03-9FFA-12C1C025E591}.RepackedRelease|Any CPU.ActiveCfg = Release|Any CPU
		{AEA6FE33-62F1-4F1A-B955-6CD5AAF8AC7F}.Debug|Any CPU.ActiveCfg = Debug|Any CPU
		{AEA6FE33-62F1-4F1A-B955-6CD5AAF8AC7F}.Debug|Any CPU.Build.0 = Debug|Any CPU
		{AEA6FE33-62F1-4F1A-B955-6CD5AAF8AC7F}.Release|Any CPU.ActiveCfg = Release|Any CPU
		{AEA6FE33-62F1-4F1A-B955-6CD5AAF8AC7F}.Release|Any CPU.Build.0 = Release|Any CPU
		{AEA6FE33-62F1-4F1A-B955-6CD5AAF8AC7F}.RepackedRelease|Any CPU.ActiveCfg = Release|Any CPU
	EndGlobalSection
	GlobalSection(SolutionProperties) = preSolution
		HideSolutionNode = FALSE
	EndGlobalSection
	GlobalSection(ExtensibilityGlobals) = postSolution
		SolutionGuid = {80B77510-6D97-4A9D-A10E-C3F3531A0052}
	EndGlobalSection
EndGlobal
